
Microsoft Visual Studio Solution File, Format Version 12.00
# Visual Studio Version 16
VisualStudioVersion = 16.0.29709.97
MinimumVisualStudioVersion = 10.0.40219.1
Project("{9A19103F-16F7-4668-BE54-9A1E7A4F7556}") = "TelegramApiProject", "TelegramApiProject\TelegramApiProject.csproj", "{2D8A8267-748A-48CB-9093-35C6CEA14FC3}"
EndProject
Project("{9A19103F-16F7-4668-BE54-9A1E7A4F7556}") = "TelegramApiProject.Web", "TelegramApiProject.Web\TelegramApiProject.Web.csproj", "{98ADA5FF-4ED1-4520-A298-B7FC572A6D15}"
EndProject
Project("{FAE04EC0-301F-11D3-BF4B-00C04F79EFBC}") = "TelegramApiProject.Wpf", "TelegramApiProject.Wpf\TelegramApiProject.Wpf.csproj", "{64966A4A-5C18-48C6-87D3-62405C5E9628}"
EndProject
Global
	GlobalSection(SolutionConfigurationPlatforms) = preSolution
		Debug|Any CPU = Debug|Any CPU
		Release|Any CPU = Release|Any CPU
	EndGlobalSection
	GlobalSection(ProjectConfigurationPlatforms) = postSolution
		{2D8A8267-748A-48CB-9093-35C6CEA14FC3}.Debug|Any CPU.ActiveCfg = Debug|Any CPU
		{2D8A8267-748A-48CB-9093-35C6CEA14FC3}.Debug|Any CPU.Build.0 = Debug|Any CPU
		{2D8A8267-748A-48CB-9093-35C6CEA14FC3}.Release|Any CPU.ActiveCfg = Release|Any CPU
		{2D8A8267-748A-48CB-9093-35C6CEA14FC3}.Release|Any CPU.Build.0 = Release|Any CPU
		{98ADA5FF-4ED1-4520-A298-B7FC572A6D15}.Debug|Any CPU.ActiveCfg = Debug|Any CPU
		{98ADA5FF-4ED1-4520-A298-B7FC572A6D15}.Debug|Any CPU.Build.0 = Debug|Any CPU
		{98ADA5FF-4ED1-4520-A298-B7FC572A6D15}.Release|Any CPU.ActiveCfg = Release|Any CPU
		{98ADA5FF-4ED1-4520-A298-B7FC572A6D15}.Release|Any CPU.Build.0 = Release|Any CPU
		{64966A4A-5C18-48C6-87D3-62405C5E9628}.Debug|Any CPU.ActiveCfg = Debug|Any CPU
		{64966A4A-5C18-48C6-87D3-62405C5E9628}.Debug|Any CPU.Build.0 = Debug|Any CPU
		{64966A4A-5C18-48C6-87D3-62405C5E9628}.Release|Any CPU.ActiveCfg = Release|Any CPU
		{64966A4A-5C18-48C6-87D3-62405C5E9628}.Release|Any CPU.Build.0 = Release|Any CPU
	EndGlobalSection
	GlobalSection(SolutionProperties) = preSolution
		HideSolutionNode = FALSE
	EndGlobalSection
	GlobalSection(ExtensibilityGlobals) = postSolution
		SolutionGuid = {5F96EF89-CB57-49AC-A353-9E619FCE8162}
	EndGlobalSection
EndGlobal
